PODS:
  - DZNEmptyDataSet (1.8.1)
  - KJCategories (1.0.2):
    - KJCategories/Core (= 1.0.2)
  - KJCategories/Core (1.0.2):
    - KJCategories/Core/Foundation (= 1.0.2)
    - KJCategories/Core/UIKit (= 1.0.2)
  - KJCategories/Core/Foundation (1.0.2)
  - KJCategories/Core/UIKit (1.0.2)
  - KJCategories/Customized (1.0.2):
    - KJCategories/Customized/EmitterAnimation (= 1.0.2)
    - KJCategories/Customized/GradientSlider (= 1.0.2)
    - KJCategories/Customized/ProjectionView (= 1.0.2)
    - KJCategories/Customized/ShadowView (= 1.0.2)
  - KJCategories/Customized/EmitterAnimation (1.0.2)
  - KJCategories/Customized/GradientSlider (1.0.2)
  - KJCategories/Customized/ProjectionView (1.0.2)
  - KJCategories/Customized/ShadowView (1.0.2)
  - KJCategories/Foundation (1.0.2):
    - KJCategories/Foundation/NSArray (= 1.0.2)
    - KJCategories/Foundation/NSData (= 1.0.2)
    - KJCategories/Foundation/NSDate (= 1.0.2)
    - KJCategories/Foundation/NSDictionary (= 1.0.2)
    - KJCategories/Foundation/NSNumber (= 1.0.2)
    - KJCategories/Foundation/NSObject (= 1.0.2)
    - KJCategories/Foundation/NSString (= 1.0.2)
    - KJCategories/Foundation/NSTimer (= 1.0.2)
  - KJCategories/Foundation/NSArray (1.0.2)
  - KJCategories/Foundation/NSData (1.0.2)
  - KJCategories/Foundation/NSDate (1.0.2)
  - KJCategories/Foundation/NSDictionary (1.0.2)
  - KJCategories/Foundation/NSNumber (1.0.2)
  - KJCategories/Foundation/NSObject (1.0.2)
  - KJCategories/Foundation/NSString (1.0.2)
  - KJCategories/Foundation/NSTimer (1.0.2)
  - KJCategories/Opencv (1.0.2)
  - KJCategories/UIKit (1.0.2):
    - KJCategories/UIKit/UIBezierPath (= 1.0.2)
    - KJCategories/UIKit/UIButton (= 1.0.2)
    - KJCategories/UIKit/UICollectionView (= 1.0.2)
    - KJCategories/UIKit/UIColor (= 1.0.2)
    - KJCategories/UIKit/UIDevice (= 1.0.2)
    - KJCategories/UIKit/UIImage (= 1.0.2)
    - KJCategories/UIKit/UILabel (= 1.0.2)
    - KJCategories/UIKit/UINavigation (= 1.0.2)
    - KJCategories/UIKit/UIResponder (= 1.0.2)
    - KJCategories/UIKit/UIScrollView (= 1.0.2)
    - KJCategories/UIKit/UISlider (= 1.0.2)
    - KJCategories/UIKit/UITabBar (= 1.0.2)
    - KJCategories/UIKit/UITextView (= 1.0.2)
    - KJCategories/UIKit/UIView (= 1.0.2)
    - KJCategories/UIKit/UIViewController (= 1.0.2)
  - KJCategories/UIKit/UIBezierPath (1.0.2)
  - KJCategories/UIKit/UIButton (1.0.2)
  - KJCategories/UIKit/UICollectionView (1.0.2)
  - KJCategories/UIKit/UIColor (1.0.2)
  - KJCategories/UIKit/UIDevice (1.0.2)
  - KJCategories/UIKit/UIImage (1.0.2)
  - KJCategories/UIKit/UILabel (1.0.2)
  - KJCategories/UIKit/UINavigation (1.0.2)
  - KJCategories/UIKit/UIResponder (1.0.2)
  - KJCategories/UIKit/UIScrollView (1.0.2):
    - DZNEmptyDataSet
  - KJCategories/UIKit/UISlider (1.0.2)
  - KJCategories/UIKit/UITabBar (1.0.2)
  - KJCategories/UIKit/UITextView (1.0.2)
  - KJCategories/UIKit/UIView (1.0.2)
  - KJCategories/UIKit/UIViewController (1.0.2)
  - Masonry (1.1.0)
  - SnapKit (4.2.0)

DEPENDENCIES:
  - KJCategories (from `..`)
  - KJCategories/Customized (from `..`)
  - KJCategories/Foundation (from `..`)
  - KJCategories/Opencv (from `..`)
  - KJCategories/UIKit (from `..`)
  - Masonry
  - SnapKit

SPEC REPOS:
  trunk:
    - DZNEmptyDataSet
    - Masonry
    - SnapKit

EXTERNAL SOURCES:
  KJCategories:
    :path: ".."

SPEC CHECKSUMS:
  DZNEmptyDataSet: 9525833b9e68ac21c30253e1d3d7076cc828eaa7
  KJCategories: e9dd231b82f165041261e49207642053dc563046
  Masonry: 678fab65091a9290e40e2832a55e7ab731aad201
  SnapKit: fe8a619752f3f27075cc9a90244d75c6c3f27e2a

PODFILE CHECKSUM: 5ae427b938e9c0048a1d973f94eb5cf117154e22

COCOAPODS: 1.11.2
