PODS:
  - KJCategories (1.0.6):
    - KJCategories/Core (= 1.0.6)
  - KJCategories/C7 (1.0.6):
    - KJCategories/C7/UIBezierPath (= 1.0.6)
    - KJCategories/C7/UIButton (= 1.0.6)
    - KJCategories/C7/UICollectionView (= 1.0.6)
    - KJCategories/C7/UIColor (= 1.0.6)
    - KJCategories/C7/UIDevice (= 1.0.6)
    - KJCategories/C7/UIImage (= 1.0.6)
    - KJCategories/C7/UILabel (= 1.0.6)
    - KJCategories/C7/UINavigation (= 1.0.6)
    - KJCategories/C7/UIResponder (= 1.0.6)
    - KJCategories/C7/UISlider (= 1.0.6)
    - KJCategories/C7/UITabBar (= 1.0.6)
    - KJCategories/C7/UITextView (= 1.0.6)
    - KJCategories/C7/UIView (= 1.0.6)
    - KJCategories/C7/UIViewController (= 1.0.6)
  - KJCategories/C7/UIBezierPath (1.0.6)
  - KJCategories/C7/UIButton (1.0.6)
  - KJCategories/C7/UICollectionView (1.0.6)
  - KJCategories/C7/UIColor (1.0.6)
  - KJCategories/C7/UIDevice (1.0.6)
  - KJCategories/C7/UIImage (1.0.6)
  - KJCategories/C7/UILabel (1.0.6)
  - KJCategories/C7/UINavigation (1.0.6)
  - KJCategories/C7/UIResponder (1.0.6)
  - KJCategories/C7/UISlider (1.0.6)
  - KJCategories/C7/UITabBar (1.0.6)
  - KJCategories/C7/UITextView (1.0.6)
  - KJCategories/C7/UIView (1.0.6)
  - KJCategories/C7/UIViewController (1.0.6)
  - KJCategories/Core (1.0.6):
    - KJCategories/Core/Foundation (= 1.0.6)
    - KJCategories/Core/UIKit (= 1.0.6)
  - KJCategories/Core/Foundation (1.0.6)
  - KJCategories/Core/UIKit (1.0.6)
  - KJCategories/Customized (1.0.6):
    - KJCategories/Customized/EmitterAnimation (= 1.0.6)
    - KJCategories/Customized/GradientSlider (= 1.0.6)
    - KJCategories/Customized/ProjectionView (= 1.0.6)
    - KJCategories/Customized/ShadowView (= 1.0.6)
  - KJCategories/Customized/EmitterAnimation (1.0.6)
  - KJCategories/Customized/GradientSlider (1.0.6)
  - KJCategories/Customized/ProjectionView (1.0.6)
  - KJCategories/Customized/ShadowView (1.0.6)
  - KJCategories/Foundation (1.0.6):
    - KJCategories/Foundation/NSArray (= 1.0.6)
    - KJCategories/Foundation/NSData (= 1.0.6)
    - KJCategories/Foundation/NSDate (= 1.0.6)
    - KJCategories/Foundation/NSDictionary (= 1.0.6)
    - KJCategories/Foundation/NSNumber (= 1.0.6)
    - KJCategories/Foundation/NSObject (= 1.0.6)
    - KJCategories/Foundation/NSString (= 1.0.6)
    - KJCategories/Foundation/NSTimer (= 1.0.6)
  - KJCategories/Foundation/NSArray (1.0.6)
  - KJCategories/Foundation/NSData (1.0.6)
  - KJCategories/Foundation/NSDate (1.0.6)
  - KJCategories/Foundation/NSDictionary (1.0.6)
  - KJCategories/Foundation/NSNumber (1.0.6)
  - KJCategories/Foundation/NSObject (1.0.6)
  - KJCategories/Foundation/NSString (1.0.6)
  - KJCategories/Foundation/NSTimer (1.0.6)
  - SnapKit (4.2.0)

DEPENDENCIES:
  - KJCategories (from `./`)
  - KJCategories/C7 (from `./`)
  - KJCategories/Customized (from `./`)
  - KJCategories/Foundation (from `./`)
  - SnapKit

SPEC REPOS:
  trunk:
    - SnapKit

EXTERNAL SOURCES:
  KJCategories:
    :path: "./"

SPEC CHECKSUMS:
  KJCategories: 25de9e86d9ff8bdf9cc38c3dc174a76a08e367e9
  SnapKit: fe8a619752f3f27075cc9a90244d75c6c3f27e2a

PODFILE CHECKSUM: d6bef8d809ce49a7ee44f0f7439be59642179097

COCOAPODS: 1.11.2
