PODS:
  - KJCategories (1.0.7):
    - KJCategories/Core (= 1.0.7)
  - KJCategories/Core (1.0.7):
    - KJCategories/Core/Foundation (= 1.0.7)
    - KJCategories/Core/UIKit (= 1.0.7)
  - KJCategories/Core/Foundation (1.0.7)
  - KJCategories/Core/UIKit (1.0.7)
  - KJCategories/Customized (1.0.7):
    - KJCategories/Customized/EmitterAnimation (= 1.0.7)
    - KJCategories/Customized/GradientSlider (= 1.0.7)
    - KJCategories/Customized/ProjectionView (= 1.0.7)
    - KJCategories/Customized/ShadowView (= 1.0.7)
  - KJCategories/Customized/EmitterAnimation (1.0.7)
  - KJCategories/Customized/GradientSlider (1.0.7)
  - KJCategories/Customized/ProjectionView (1.0.7)
  - KJCategories/Customized/ShadowView (1.0.7)
  - KJCategories/Foundation (1.0.7):
    - KJCategories/Foundation/NSArray (= 1.0.7)
    - KJCategories/Foundation/NSData (= 1.0.7)
    - KJCategories/Foundation/NSDate (= 1.0.7)
    - KJCategories/Foundation/NSDictionary (= 1.0.7)
    - KJCategories/Foundation/NSNumber (= 1.0.7)
    - KJCategories/Foundation/NSObject (= 1.0.7)
    - KJCategories/Foundation/NSString (= 1.0.7)
    - KJCategories/Foundation/NSTimer (= 1.0.7)
  - KJCategories/Foundation/NSArray (1.0.7)
  - KJCategories/Foundation/NSData (1.0.7)
  - KJCategories/Foundation/NSDate (1.0.7)
  - KJCategories/Foundation/NSDictionary (1.0.7)
  - KJCategories/Foundation/NSNumber (1.0.7)
  - KJCategories/Foundation/NSObject (1.0.7)
  - KJCategories/Foundation/NSString (1.0.7)
  - KJCategories/Foundation/NSTimer (1.0.7)
  - KJCategories/KitExtension (1.0.7):
    - KJCategories/KitExtension/UIBezierPath (= 1.0.7)
    - KJCategories/KitExtension/UIButton (= 1.0.7)
    - KJCategories/KitExtension/UICollectionView (= 1.0.7)
    - KJCategories/KitExtension/UIColor (= 1.0.7)
    - KJCategories/KitExtension/UIDevice (= 1.0.7)
    - KJCategories/KitExtension/UIImage (= 1.0.7)
    - KJCategories/KitExtension/UILabel (= 1.0.7)
    - KJCategories/KitExtension/UINavigation (= 1.0.7)
    - KJCategories/KitExtension/UIResponder (= 1.0.7)
    - KJCategories/KitExtension/UISlider (= 1.0.7)
    - KJCategories/KitExtension/UITabBar (= 1.0.7)
    - KJCategories/KitExtension/UITextView (= 1.0.7)
    - KJCategories/KitExtension/UIView (= 1.0.7)
    - KJCategories/KitExtension/UIViewController (= 1.0.7)
  - KJCategories/KitExtension/UIBezierPath (1.0.7)
  - KJCategories/KitExtension/UIButton (1.0.7)
  - KJCategories/KitExtension/UICollectionView (1.0.7)
  - KJCategories/KitExtension/UIColor (1.0.7)
  - KJCategories/KitExtension/UIDevice (1.0.7)
  - KJCategories/KitExtension/UIImage (1.0.7)
  - KJCategories/KitExtension/UILabel (1.0.7)
  - KJCategories/KitExtension/UINavigation (1.0.7)
  - KJCategories/KitExtension/UIResponder (1.0.7)
  - KJCategories/KitExtension/UISlider (1.0.7)
  - KJCategories/KitExtension/UITabBar (1.0.7)
  - KJCategories/KitExtension/UITextView (1.0.7)
  - KJCategories/KitExtension/UIView (1.0.7)
  - KJCategories/KitExtension/UIViewController (1.0.7)
  - SnapKit (4.2.0)

DEPENDENCIES:
  - KJCategories (from `./`)
  - KJCategories/Customized (from `./`)
  - KJCategories/Foundation (from `./`)
  - KJCategories/KitExtension (from `./`)
  - SnapKit

SPEC REPOS:
  trunk:
    - SnapKit

EXTERNAL SOURCES:
  KJCategories:
    :path: "./"

SPEC CHECKSUMS:
  KJCategories: f12ea1348de30968a87ce820f7574daec4e95d22
  SnapKit: fe8a619752f3f27075cc9a90244d75c6c3f27e2a

PODFILE CHECKSUM: 5023d3779cc5599891c180e49131e1e2784ac8fa

COCOAPODS: 1.11.2
